<Project xmlns="http://schemas.microsoft.com/developer/msbuild/2003">
    <PropertyGroup>
        <ProjectGuid>{8743B446-FAAE-4E65-93E0-6A05B554552C}</ProjectGuid>
        <MainSource>VISTRUCK.dpr</MainSource>
        <Base>True</Base>
        <Config Condition="'$(Config)'==''">Release</Config>
        <AppType>Application</AppType>
        <FrameworkType>VCL</FrameworkType>
        <DCC_DCCCompiler>DCC32</DCC_DCCCompiler>
        <ProjectVersion>15.4</ProjectVersion>
        <Platform Condition="'$(Platform)'==''">Win32</Platform>
        <TargetedPlatforms>1</TargetedPlatforms>
    </PropertyGroup>
    <PropertyGroup Condition="'$(Config)'=='Base' or '$(Base)'!=''">
        <Base>true</Base>
    </PropertyGroup>
    <PropertyGroup Condition="('$(Platform)'=='Win32' and '$(Base)'=='true') or '$(Base_Win32)'!=''">
        <Base_Win32>true</Base_Win32>
        <CfgParent>Base</CfgParent>
        <Base>true</Base>
    </PropertyGroup>
    <PropertyGroup Condition="('$(Platform)'=='Win64' and '$(Base)'=='true') or '$(Base_Win64)'!=''">
        <Base_Win64>true</Base_Win64>
        <CfgParent>Base</CfgParent>
        <Base>true</Base>
    </PropertyGroup>
    <PropertyGroup Condition="'$(Config)'=='Release' or '$(Cfg_1)'!=''">
        <Cfg_1>true</Cfg_1>
        <CfgParent>Base</CfgParent>
        <Base>true</Base>
    </PropertyGroup>
    <PropertyGroup Condition="('$(Platform)'=='Win32' and '$(Cfg_1)'=='true') or '$(Cfg_1_Win32)'!=''">
        <Cfg_1_Win32>true</Cfg_1_Win32>
        <CfgParent>Cfg_1</CfgParent>
        <Cfg_1>true</Cfg_1>
        <Base>true</Base>
    </PropertyGroup>
    <PropertyGroup Condition="'$(Config)'=='Debug' or '$(Cfg_2)'!=''">
        <Cfg_2>true</Cfg_2>
        <CfgParent>Base</CfgParent>
        <Base>true</Base>
    </PropertyGroup>
    <PropertyGroup Condition="('$(Platform)'=='Win32' and '$(Cfg_2)'=='true') or '$(Cfg_2_Win32)'!=''">
        <Cfg_2_Win32>true</Cfg_2_Win32>
        <CfgParent>Cfg_2</CfgParent>
        <Cfg_2>true</Cfg_2>
        <Base>true</Base>
    </PropertyGroup>
    <PropertyGroup Condition="'$(Base)'!=''">
        <SanitizedProjectName>VISTRUCK</SanitizedProjectName>
        <VerInfo_Build>22</VerInfo_Build>
        <VerInfo_Debug>true</VerInfo_Debug>
        <VerInfo_Keys>CompanyName=Carmak AB;FileDescription=VISTRUCK;FileVersion=1.1.1.22;InternalName=VisTruck;LegalCopyright=;LegalTrademarks=;OriginalFilename=VIS.exe;ProductName=Vida Information Systems;ProductVersion=Production version;Comments=</VerInfo_Keys>
        <DCC_Namespace>Vcl;Vcl.Imaging;Vcl.Touch;Vcl.Samples;Vcl.Shell;System;Xml;Data;Datasnap;Web;Soap;Winapi;Bde;$(DCC_Namespace)</DCC_Namespace>
        <VerInfo_MinorVer>1</VerInfo_MinorVer>
        <VerInfo_IncludeVerInfo>true</VerInfo_IncludeVerInfo>
        <VerInfo_Locale>2057</VerInfo_Locale>
        <VerInfo_Release>1</VerInfo_Release>
        <DCC_MapFile>3</DCC_MapFile>
        <DCC_ImageBase>00400000</DCC_ImageBase>
        <DCC_UNSAFE_TYPE>true</DCC_UNSAFE_TYPE>
        <DCC_UsePackage>vcl;rtl;dbrtl;adortl;vcldb;vclx;bdertl;vcldbx;ibxpress;dsnap;cds;bdecds;qrpt;teeui;teedb;tee;dss;teeqr;visualclx;visualdbclx;dsnapcrba;dsnapcon;VclSmp;vclshlctrls;vclie;xmlrtl;inet;inetdbbde;inetdbxpress;inetdb;nmfast;webdsnap;websnap;dbexpress;dbxcds;indy;dclOffice2k;CICS;ADOX;LECSGeneral;Harris;SqlDir60;kbmMemD6Run;$(DCC_UsePackage)</DCC_UsePackage>
        <DCC_ExeOutput>EXE</DCC_ExeOutput>
        <DCC_RangeChecking>true</DCC_RangeChecking>
        <DCC_Description>Comms Component for SysMedia test app</DCC_Description>
        <DCC_Define>LOGGER;EUREKALOG;EUREKALOG_VER6;$(DCC_Define)</DCC_Define>
        <DCC_K>false</DCC_K>
        <DCC_F>false</DCC_F>
        <DCC_S>false</DCC_S>
        <DCC_N>true</DCC_N>
        <DCC_E>false</DCC_E>
        <DCC_UNSAFE_CAST>true</DCC_UNSAFE_CAST>
        <DCC_UNSAFE_CODE>true</DCC_UNSAFE_CODE>
        <DCC_DcuOutput>DCU</DCC_DcuOutput>
        <DCC_SymbolReferenceInfo>1</DCC_SymbolReferenceInfo>
    </PropertyGroup>
    <PropertyGroup Condition="'$(Base_Win32)'!=''">
        <VerInfo_IncludeVerInfo>true</VerInfo_IncludeVerInfo>
        <Icon_MainIcon>VISTRUCK_Icon.ico</Icon_MainIcon>
        <DCC_Namespace>System.Win;Data.Win;Datasnap.Win;Web.Win;Soap.Win;Xml.Win;$(DCC_Namespace)</DCC_Namespace>
        <VerInfo_Locale>1033</VerInfo_Locale>
        <Manifest_File>$(BDS)\bin\default_app.manifest</Manifest_File>
        <VerInfo_Keys>CompanyName=;FileDescription=;FileVersion=1.0.0.0;InternalName=;LegalCopyright=;LegalTrademarks=;OriginalFilename=;ProductName=;ProductVersion=1.0.0.0;Comments=</VerInfo_Keys>
    </PropertyGroup>
    <PropertyGroup Condition="'$(Base_Win64)'!=''">
        <Icon_MainIcon>VISTRUCK_Icon.ico</Icon_MainIcon>
    </PropertyGroup>
    <PropertyGroup Condition="'$(Cfg_1)'!=''">
        <DCC_LocalDebugSymbols>false</DCC_LocalDebugSymbols>
        <DCC_Define>RELEASE;$(DCC_Define)</DCC_Define>
        <DCC_SymbolReferenceInfo>0</DCC_SymbolReferenceInfo>
        <DCC_DebugInformation>0</DCC_DebugInformation>
    </PropertyGroup>
    <PropertyGroup Condition="'$(Cfg_1_Win32)'!=''">
        <VerInfo_AutoIncVersion>true</VerInfo_AutoIncVersion>
        <DCC_Define>madExcept;$(DCC_Define)</DCC_Define>
        <Icon_MainIcon>VIS_TRUCK.ico</Icon_MainIcon>
        <VerInfo_Special>true</VerInfo_Special>
        <VerInfo_Private>true</VerInfo_Private>
        <VerInfo_Debug>false</VerInfo_Debug>
        <VerInfo_PreRelease>true</VerInfo_PreRelease>
        <VerInfo_Build>96</VerInfo_Build>
        <VerInfo_Locale>1033</VerInfo_Locale>
        <VerInfo_Keys>CompanyName=;FileDescription=;FileVersion=1.1.1.96;InternalName=;LegalCopyright=;LegalTrademarks=;OriginalFilename=;ProductName=;ProductVersion=1.0.0.0;Comments=;SpecialBuild=;PrivateBuild=</VerInfo_Keys>
        <DCC_LocalDebugSymbols>true</DCC_LocalDebugSymbols>
        <DCC_DebugInformation>1</DCC_DebugInformation>
    </PropertyGroup>
    <PropertyGroup Condition="'$(Cfg_2)'!=''">
        <DCC_Define>DEBUG;$(DCC_Define)</DCC_Define>
        <DCC_Optimize>false</DCC_Optimize>
        <DCC_GenerateStackFrames>true</DCC_GenerateStackFrames>
    </PropertyGroup>
    <PropertyGroup Condition="'$(Cfg_2_Win32)'!=''">
        <VerInfo_Build>61</VerInfo_Build>
        <DCC_Define>EUREKALOG_VER7;madExcept;$(DCC_Define)</DCC_Define>
        <VerInfo_MinorVer>2</VerInfo_MinorVer>
        <VerInfo_Keys>CompanyName=;FileDescription=;FileVersion=1.2.1.61;InternalName=;LegalCopyright=;LegalTrademarks=;OriginalFilename=;ProductName=;ProductVersion=1.0.0.0;Comments=</VerInfo_Keys>
        <VerInfo_Locale>1033</VerInfo_Locale>
    </PropertyGroup>
    <ItemGroup>
        <DelphiCompile Include="$(MainSource)">
            <MainSource>MainSource</MainSource>
        </DelphiCompile>
        <DCCReference Include="fMain.pas">
            <Form>frmMain</Form>
        </DCCReference>
        <DCCReference Include="VidaConst.pas"/>
        <DCCReference Include="dmsDataConn.pas">
            <Form>v</Form>
            <DesignClass>TDataModule</DesignClass>
        </DCCReference>
        <DCCReference Include="uEncode.pas"/>
        <DCCReference Include="VidaUtils.pas"/>
        <DCCReference Include="dmsVidaSystem.pas">
            <Form>dmsSystem</Form>
            <DesignClass>TDataModule</DesignClass>
        </DCCReference>
        <DCCReference Include="dmcVidaSystem.pas">
            <Form>dmcSystem</Form>
            <DesignClass>TDataModule</DesignClass>
        </DCCReference>
        <DCCReference Include="VidaType.pas"/>
        <DCCReference Include="fDBForm.pas">
            <Form>frmDBForm</Form>
        </DCCReference>
        <DCCReference Include="dmsVidaContact.pas">
            <Form>dmsContact</Form>
            <DesignClass>TDataModule</DesignClass>
        </DCCReference>
        <DCCReference Include="UnitdmModule1.pas">
            <Form>dmModule1</Form>
            <DesignClass>TDataModule</DesignClass>
        </DCCReference>
        <DCCReference Include="UnitCRViewReport.pas">
            <Form>FormCRViewReport</Form>
        </DCCReference>
        <DCCReference Include="UnitBookingForm.pas">
            <Form>FormBookingForm</Form>
        </DCCReference>
        <DCCReference Include="dmBooking.pas">
            <Form>dm_Booking</Form>
            <DesignClass>TDataModule</DesignClass>
        </DCCReference>
        <DCCReference Include="UnitCarrier.pas">
            <Form>FormCarrier</Form>
        </DCCReference>
        <DCCReference Include="dmcAvrakning.pas">
            <Form>dm_Avrakning</Form>
            <DesignClass>TDataModule</DesignClass>
        </DCCReference>
        <DCCReference Include="dlgPickPkg.pas">
            <Form>frmPackagePicker</Form>
        </DCCReference>
        <DCCReference Include="UnitPackageEntry.pas">
            <Form>frmPackageEntry</Form>
        </DCCReference>
        <DCCReference Include="dmsVidaProduct.pas">
            <Form>dmsProduct</Form>
            <DesignClass>TDataModule</DesignClass>
        </DCCReference>
        <DCCReference Include="UnitPkgNoSeries.pas">
            <Form>frmPkgNoSeries</Form>
        </DCCReference>
        <DCCReference Include="dmcVidaOrder.pas">
            <Form>dmcOrder</Form>
            <DesignClass>TDataModule</DesignClass>
        </DCCReference>
        <DCCReference Include="fLoadOrder.pas">
            <Form>frmVisTruckLoadOrder</Form>
        </DCCReference>
        <DCCReference Include="UnitLoadEntrySSP.pas">
            <Form>fLoadEntrySSP</Form>
        </DCCReference>
        <DCCReference Include="dmcLoadEntrySSP.pas">
            <Form>dmLoadEntrySSP</Form>
            <DesignClass>TDataModule</DesignClass>
        </DCCReference>
        <DCCReference Include="UnitLoadArrivals.pas">
            <Form>frmLoadArrivals</Form>
        </DCCReference>
        <DCCReference Include="dmc_ArrivingLoads.pas">
            <Form>dmArrivingLoads</Form>
            <DesignClass>TDataModule</DesignClass>
        </DCCReference>
        <DCCReference Include="UnitPkgInfo.pas">
            <Form>frmPkgInfo</Form>
        </DCCReference>
        <DCCReference Include="UnitPkgNo.pas">
            <Form>frmPkgNo</Form>
        </DCCReference>
        <DCCReference Include="uUserPreference.pas">
            <Form>fUserPreference</Form>
        </DCCReference>
        <DCCReference Include="UnitCRPrintReport.pas">
            <Form>FormCRPrintReport</Form>
        </DCCReference>
        <DCCReference Include="dlgPickPkg_II.pas">
            <Form>frmPackagePicker_II</Form>
        </DCCReference>
        <DCCReference Include="uEntryField.pas">
            <Form>fEntryField</Form>
        </DCCReference>
        <DCCReference Include="uPickPkgNo.pas">
            <Form>fPickPkgNo</Form>
        </DCCReference>
        <DCCReference Include="uScanLoadPkgNo.pas">
            <Form>fScanLoadPkgNo</Form>
        </DCCReference>
        <DCCReference Include="Recerror.pas">
            <Form>ReconcileErrorForm</Form>
        </DCCReference>
        <DCCReference Include="uConfirmCodeDialog.pas">
            <Form>frmConfirmCodeDialog</Form>
        </DCCReference>
        <DCCReference Include="uSelectLIP.pas">
            <Form>fSelectLIP</Form>
        </DCCReference>
        <DCCReference Include="uAnkomstRegProgress.pas">
            <Form>fAnkomstRegProgress</Form>
        </DCCReference>
        <DCCReference Include="uSelectLoadPlanDest.pas">
            <Form>fSelectLoadPlanDest</Form>
        </DCCReference>
        <DCCReference Include="UnitCRPrintOneReport.pas">
            <Form>FormCRPrintOneReport</Form>
        </DCCReference>
        <DCCReference Include="UnitCRExportOneReport.pas">
            <Form>FormCRExportOneReport</Form>
        </DCCReference>
        <DCCReference Include="uSendMapiMail.pas">
            <Form>dm_SendMapiMail</Form>
            <DesignClass>TDataModule</DesignClass>
        </DCCReference>
        <DCCReference Include="uAddSpecialLengths.pas">
            <Form>fAddSpecialLengths</Form>
        </DCCReference>
        <DCCReference Include="dmc_UserProps.pas">
            <Form>dm_UserProps</Form>
            <DesignClass>TDataModule</DesignClass>
        </DCCReference>
        <DCCReference Include="uWait.pas">
            <Form>fWait</Form>
        </DCCReference>
        <DCCReference Include="UPortArrivals.pas">
            <Form>frmPortArrivals</Form>
        </DCCReference>
        <DCCReference Include="uChangeLogins.pas">
            <Form>OKHelpBottomDlg</Form>
        </DCCReference>
        <DCCReference Include="uShowMemo.pas">
            <Form>fShowMemo</Form>
        </DCCReference>
        <DCCReference Include="uLOLengths.pas">
            <Form>fLOLengths</Form>
        </DCCReference>
        <DCCReference Include="uLoadOrderListSetup.pas">
            <Form>fLoadOrderListSetup</Form>
        </DCCReference>
        <DCCReference Include="uTradingLinkMult.pas">
            <Form>fTradingLinkMult</Form>
        </DCCReference>
        <DCCReference Include="dmcVidaLO.pas">
            <Form>dmcLO</Form>
            <DesignClass>TDataModule</DesignClass>
        </DCCReference>
        <DCCReference Include="uLoadOrderSearch.pas">
            <Form>fLoadOrderSearch</Form>
        </DCCReference>
        <DCCReference Include="uSelectBTHorBTB.pas">
            <Form>fSelectBTHorBTB</Form>
        </DCCReference>
        <DCCReference Include="fBaseFormA.pas">
            <Form>frmBaseFormA</Form>
        </DCCReference>
        <DCCReference Include="uBaseListForm.pas">
            <Form>fBaseListForm</Form>
        </DCCReference>
        <DCCReference Include="uPickVPPkgs.pas">
            <Form>fPickVPPkgs</Form>
        </DCCReference>
        <DCCReference Include="uEntryPriceField.pas">
            <Form>fEntryPriceField</Form>
        </DCCReference>
        <DCCReference Include="uLager.pas">
            <Form>fLager</Form>
        </DCCReference>
        <DCCReference Include="dm_Inventory.pas">
            <Form>dmInventory</Form>
            <DesignClass>TDataModule</DesignClass>
        </DCCReference>
        <DCCReference Include="ULastLista.pas">
            <Form>fLastLista</Form>
        </DCCReference>
        <DCCReference Include="uconfirm.pas">
            <Form>fConfirm</Form>
        </DCCReference>
        <DCCReference Include="uSelectPrintDevice.pas">
            <Form>fSelectPrintDevice</Form>
        </DCCReference>
        <DCCReference Include="uSetStdPkgSizeIntervall.pas">
            <Form>fSetStdPkgSizeIntervall</Form>
        </DCCReference>
        <DCCReference Include="uEnterLoadWeight.pas">
            <Form>fEnterLoadWeight</Form>
        </DCCReference>
        <DCCReference Include="uchgPkgVard.pas">
            <Form>fchgPkgVard</Form>
        </DCCReference>
        <DCCReference Include="dmcPkgs.pas">
            <Form>dmPkgs</Form>
            <DesignClass>TDataModule</DesignClass>
        </DCCReference>
        <DCCReference Include="UnitGetProd_II.pas">
            <Form>frmGetProd_II</Form>
        </DCCReference>
        <DCCReference Include="uSelectLORowInLoad.pas">
            <Form>fSelectLORowInLoad</Form>
        </DCCReference>
        <DCCReference Include="uPackageSize.pas">
            <Form>fPackageSize</Form>
        </DCCReference>
        <DCCReference Include="uCert.pas">
            <Form>fCert</Form>
        </DCCReference>
        <DCCReference Include="uLagerPos.pas">
            <Form>fLagerPos</Form>
        </DCCReference>
        <DCCReference Include="dmc_DryKiln.pas">
            <Form>dm_DryKiln</Form>
            <DesignClass>TDataModule</DesignClass>
        </DCCReference>
        <DCCReference Include="uKilnHandling.pas">
            <Form>fkilnHandling</Form>
        </DCCReference>
        <DCCReference Include="uEnterKilnVagn.pas">
            <Form>fEnterKilnVagn</Form>
        </DCCReference>
        <DCCReference Include="uPickPkgNoTork.pas">
            <Form>fPickPkgNoTork</Form>
        </DCCReference>
        <DCCReference Include="udmLanguage.pas">
            <Form>dmLanguage</Form>
            <DesignClass>TDataModule</DesignClass>
        </DCCReference>
        <DCCReference Include="ufrmChangeLanguage.pas">
            <Form>frmChangeLanguage</Form>
        </DCCReference>
        <DCCReference Include="UnitStylesOKCANCL.pas">
            <Form>OKRightDlg</Form>
        </DCCReference>
        <DCCReference Include="UnitExceptionPkgNrList.pas">
            <Form>PkgNrExceptionList</Form>
        </DCCReference>
        <DCCReference Include="UnitPosition.pas">
            <Form>Position</Form>
        </DCCReference>
        <DCCReference Include="URegionToRegionSelectLIPNo.pas">
            <Form>fRegionToRegionSelectLIPNo</Form>
        </DCCReference>
        <DCCReference Include="Visab\dm_SortOrder.pas">
            <Form>dmsSortOrder</Form>
            <DesignClass>TDataModule</DesignClass>
        </DCCReference>
        <DCCReference Include="Visab\dm_SortOrderList.pas">
            <Form>dmSotOrderList</Form>
            <DesignClass>TDataModule</DesignClass>
        </DCCReference>
        <DCCReference Include="Visab\dmsPkgWorkOrder.pas">
            <Form>dm_PkgWorkOrder</Form>
            <DesignClass>TDataModule</DesignClass>
        </DCCReference>
        <DCCReference Include="Visab\fSortOrder.pas">
            <Form>frmSortOrder</Form>
        </DCCReference>
        <DCCReference Include="Visab\dmsProdPlan.pas">
            <Form>dm_ProdPlan</Form>
            <DesignClass>TDataModule</DesignClass>
        </DCCReference>
        <DCCReference Include="Visab\WorkMinutesU.pas"/>
        <DCCReference Include="Visab\uEnterLengthData.pas">
            <Form>fEnterLengthData</Form>
        </DCCReference>
        <DCCReference Include="Visab\uProdTimeSegment.pas">
            <Form>fProdTimeSegment</Form>
        </DCCReference>
        <DCCReference Include="Visab\uSearchPkgToDeReg.pas">
            <Form>fSearchPkgToDeReg</Form>
        </DCCReference>
        <DCCReference Include="Visab\uPkgInfo.pas">
            <Form>fPkgInfo</Form>
        </DCCReference>
        <DCCReference Include="Visab\uProductUtfall.pas">
            <Form>fProductUtfall</Form>
        </DCCReference>
        <DCCReference Include="Visab\uSinglePkgEntry.pas">
            <Form>fSinglePkgEntry</Form>
        </DCCReference>
        <DCCReference Include="uOKDia.pas">
            <Form>fOKDia</Form>
        </DCCReference>
        <DCCReference Include="Visab\dms_Vis_Vida.pas">
            <Form>dm_Vis_Vida</Form>
            <DesignClass>TDataModule</DesignClass>
        </DCCReference>
        <DCCReference Include="Visab\dlgPickPkg_IIII.pas">
            <Form>frmPackagePicker_IIII</Form>
        </DCCReference>
        <DCCReference Include="Visab\uSelectProduct.pas">
            <Form>fSelectProduct</Form>
        </DCCReference>
        <DCCReference Include="Visab\uAddPkgToRun.pas">
            <Form>fAddPkgToRun</Form>
        </DCCReference>
        <DCCReference Include="Visab\uSelectLOfromAO.pas">
            <Form>fSelectLOfromAO</Form>
        </DCCReference>
        <DCCReference Include="Visab\dmsSinglePkg.pas">
            <Form>dm_SinglePkg</Form>
            <DesignClass>TDataModule</DesignClass>
        </DCCReference>
        <DCCReference Include="Visab\uSelectSortingOrderNo.pas">
            <Form>fSelectSortingOrderNo</Form>
        </DCCReference>
        <DCCReference Include="..\CommonUnits\UnitAboutBox.pas">
            <Form>AboutBox</Form>
        </DCCReference>
        <DCCReference Include="..\CommonUnits\VidaUser.pas"/>
        <DCCReference Include="..\CommonSources\FastReport\udmFR.pas">
            <Form>dmFR</Form>
            <FormType>dfm</FormType>
            <DesignClass>TDataModule</DesignClass>
        </DCCReference>
        <DCCReference Include="..\CommonSources\FastReport\uReport.pas"/>
        <DCCReference Include="..\CommonSources\FastReport\uReportController.pas"/>
        <DCCReference Include="..\CommonSources\FastReport\uFRConstants.pas"/>
        <DCCReference Include="ufrmPkgLabelSetup.pas">
            <Form>frmPkgLabelSetup</Form>
            <FormType>dfm</FormType>
        </DCCReference>
        <DCCReference Include="..\CommonSources\FastReport\uFastReports.pas"/>
        <DCCReference Include="uDlgReferensAndInfo.pas">
            <Form>dlgChgRef_and_Info</Form>
            <FormType>dfm</FormType>
        </DCCReference>
        <DCCReference Include="uSQLView.pas"/>
        <DCCReference Include="uPositionView.pas">
            <Form>fPositionView</Form>
            <FormType>dfm</FormType>
        </DCCReference>
        <DCCReference Include="uISQLViewField.pas"/>
        <DCCReference Include="uISQLView.pas"/>
        <DCCReference Include="uISQLBuild.pas"/>
        <DCCReference Include="udmFilterSQL.pas">
            <Form>dmFilterSQL</Form>
            <FormType>dfm</FormType>
            <DesignClass>TDataModule</DesignClass>
        </DCCReference>
        <DCCReference Include="..\CommonSources\DelphiLogg\uDBLogg.pas"/>
        <DCCReference Include="..\CommonSources\DelphiLogg\uIDBConnector.pas"/>
        <DCCReference Include="..\CommonSources\DelphiLogg\uIDBLogg.pas"/>
        <DCCReference Include="..\CommonSources\DelphiLogg\uILogger.pas"/>
        <DCCReference Include="..\CommonSources\DelphiLogg\uLogger.pas"/>
        <DCCReference Include="..\CommonSources\DelphiLogg\uIMsgObserver.pas"/>
        <DCCReference Include="uICMObserver.pas"/>
        <DCCReference Include="uICMSubject.pas"/>
        <DCCReference Include="uAngeNyMall.pas">
            <Form>fAngeNyMall</Form>
            <FormType>dfm</FormType>
        </DCCReference>
        <DCCReference Include="..\CommonSources\FastReport\uTwoReportInOne.pas"/>
        <DCCReference Include="uSetupUserOutput.pas">
            <Form>fSetupUserOutput</Form>
            <FormType>dfm</FormType>
        </DCCReference>
        <DCCReference Include="uDynSQL_const.pas"/>
        <DCCReference Include="UnitSokAvropFormular.pas">
            <Form>frmSokAvropFormular</Form>
            <FormType>dfm</FormType>
        </DCCReference>
        <DCCReference Include="UnitBookingFormOrg.pas">
            <Form>FormBookingFormOrg</Form>
            <FormType>dfm</FormType>
        </DCCReference>
        <DCCReference Include="uSokAvropMall.pas">
            <Form>fSokAvropMall</Form>
            <FormType>dfm</FormType>
        </DCCReference>
        <DCCReference Include="dmSokFormular.pas">
            <Form>dm_SokFormular</Form>
            <FormType>dfm</FormType>
            <DesignClass>TDataModule</DesignClass>
        </DCCReference>
        <None Include="VISTRUCK.todo"/>
        <None Include="ModelSupport_VISTRUCK\default.txaPackage"/>
        <BuildConfiguration Include="Debug">
            <Key>Cfg_2</Key>
            <CfgParent>Base</CfgParent>
        </BuildConfiguration>
        <BuildConfiguration Include="Base">
            <Key>Base</Key>
        </BuildConfiguration>
        <BuildConfiguration Include="Release">
            <Key>Cfg_1</Key>
            <CfgParent>Base</CfgParent>
        </BuildConfiguration>
    </ItemGroup>
    <Import Condition="Exists('$(BDS)\Bin\CodeGear.Delphi.Targets')" Project="$(BDS)\Bin\CodeGear.Delphi.Targets"/>
    <Import Condition="Exists('$(APPDATA)\Embarcadero\$(BDSAPPDATABASEDIR)\$(PRODUCTVERSION)\UserTools.proj')" Project="$(APPDATA)\Embarcadero\$(BDSAPPDATABASEDIR)\$(PRODUCTVERSION)\UserTools.proj"/>
    <ProjectExtensions>
        <Borland.Personality>Delphi.Personality.12</Borland.Personality>
        <Borland.ProjectType>VCLApplication</Borland.ProjectType>
        <BorlandProject>
            <Delphi.Personality>
                <Source>
                    <Source Name="MainSource">VISTRUCK.dpr</Source>
                </Source>
                <VersionInfo>
                    <VersionInfo Name="IncludeVerInfo">True</VersionInfo>
                    <VersionInfo Name="AutoIncBuild">False</VersionInfo>
                    <VersionInfo Name="MajorVer">1</VersionInfo>
                    <VersionInfo Name="MinorVer">1</VersionInfo>
                    <VersionInfo Name="Release">1</VersionInfo>
                    <VersionInfo Name="Build">22</VersionInfo>
                    <VersionInfo Name="Debug">True</VersionInfo>
                    <VersionInfo Name="PreRelease">False</VersionInfo>
                    <VersionInfo Name="Special">False</VersionInfo>
                    <VersionInfo Name="Private">False</VersionInfo>
                    <VersionInfo Name="DLL">False</VersionInfo>
                    <VersionInfo Name="Locale">2057</VersionInfo>
                    <VersionInfo Name="CodePage">1252</VersionInfo>
                </VersionInfo>
                <VersionInfoKeys>
                    <VersionInfoKeys Name="CompanyName">Carmak AB</VersionInfoKeys>
                    <VersionInfoKeys Name="FileDescription">VISTRUCK</VersionInfoKeys>
                    <VersionInfoKeys Name="FileVersion">1.1.1.22</VersionInfoKeys>
                    <VersionInfoKeys Name="InternalName">VisTruck</VersionInfoKeys>
                    <VersionInfoKeys Name="LegalCopyright"/>
                    <VersionInfoKeys Name="LegalTrademarks"/>
                    <VersionInfoKeys Name="OriginalFilename">VIS.exe</VersionInfoKeys>
                    <VersionInfoKeys Name="ProductName">Vida Information Systems</VersionInfoKeys>
                    <VersionInfoKeys Name="ProductVersion">Production version</VersionInfoKeys>
                    <VersionInfoKeys Name="Comments"/>
                </VersionInfoKeys>
                <Excluded_Packages>
                    <Excluded_Packages Name="C:\Program Files (x86)\DevExpress VCL\Library\RS20\dcldxPSDBTeeChartRS20.bpl">ExpressPrinting System ReportLink for DBTeeChart by Developer Express Inc.</Excluded_Packages>
                    <Excluded_Packages Name="C:\Program Files (x86)\DevExpress VCL\Library\RS20\dxPScxPCProdRS20.bpl">ExpressPrinting System ContainerProducer for ExpressPageControl by Developer Express Inc.</Excluded_Packages>
                    <Excluded_Packages Name="C:\Program Files (x86)\DevExpress VCL\Library\RS20\dcldxPScxCommonRS20.bpl">ExpressPrinting System Cross Platform Library by Developer Express Inc.</Excluded_Packages>
                    <Excluded_Packages Name="C:\Program Files (x86)\DevExpress VCL\Library\RS20\dcldxPScxExtCommonRS20.bpl">ExpressPrinting System Extended Cross Platform Library by Developer Express Inc.</Excluded_Packages>
                    <Excluded_Packages Name="$(BDSBIN)\dcloffice2k200.bpl">Microsoft Office 2000 Sample Automation Server Wrapper Components</Excluded_Packages>
                    <Excluded_Packages Name="$(BDSBIN)\dclofficexp200.bpl">Microsoft Office XP Sample Automation Server Wrapper Components</Excluded_Packages>
                    <Excluded_Packages Name="C:\Program Files (x86)\RemObjects Software\Hydra for Delphi\Dcu\D20\win32\Hydra_IDE_D20.bpl">RemObjects Hydra - IDE Integration</Excluded_Packages>
                </Excluded_Packages>
            </Delphi.Personality>
            <Platforms>
                <Platform value="Win32">True</Platform>
                <Platform value="Win64">False</Platform>
            </Platforms>
            <ModelSupport>True</ModelSupport>
        </BorlandProject>
        <ProjectFileVersion>12</ProjectFileVersion>
    </ProjectExtensions>
</Project>
